
Microsoft Visual Studio Solution File, Format Version 12.00
# Visual Studio Version 16
VisualStudioVersion = 16.0.31321.278
MinimumVisualStudioVersion = 10.0.40219.1
Project("{FAE04EC0-301F-11D3-BF4B-00C04F79EFBC}") = "Ucak Bileti Rezervasyon", "WindowsFormsApp1\Ucak Bileti Rezervasyon.csproj", "{4DDA947B-0608-46ED-A48B-00E1CAA74ED5}"
EndProject
Global
	GlobalSection(SolutionConfigurationPlatforms) = preSolution
		Debug|Any CPU = Debug|Any CPU
		Release|Any CPU = Release|Any CPU
	EndGlobalSection
	GlobalSection(ProjectConfigurationPlatforms) = postSolution
		{4DDA947B-0608-46ED-A48B-00E1CAA74ED5}.Debug|Any CPU.ActiveCfg = Debug|Any CPU
		{4DDA947B-0608-46ED-A48B-00E1CAA74ED5}.Debug|Any CPU.Build.0 = Debug|Any CPU
		{4DDA947B-0608-46ED-A48B-00E1CAA74ED5}.Release|Any CPU.ActiveCfg = Release|Any CPU
		{4DDA947B-0608-46ED-A48B-00E1CAA74ED5}.Release|Any CPU.Build.0 = Release|Any CPU
	EndGlobalSection
	GlobalSection(SolutionProperties) = preSolution
		HideSolutionNode = FALSE
	EndGlobalSection
	GlobalSection(ExtensibilityGlobals) = postSolution
		SolutionGuid = {EF1958AB-068C-470C-BDEC-46F7320ABE05}
	EndGlobalSection
EndGlobal
